// !$*UTF8*$!
{
	archiveVersion = 1;
	classes = {
	};
	objectVersion = 56;
	objects = {

/* Begin PBXBuildFile section */
		20035132E180ED1884DE32B7 /* Pods_TrackerApp.framework in Frameworks */ = {isa = PBXBuildFile; fileRef = C6E3AE387D69B92F3A9D7128 /* Pods_TrackerApp.framework */; };
		CE1FCD802A7A794800D310E8 /* LocalizableString.strings in Resources */ = {isa = PBXBuildFile; fileRef = CE1FCD822A7A794800D310E8 /* LocalizableString.strings */; };
		CE1FCD862A7A81E200D310E8 /* Localizable.stringsdict in Resources */ = {isa = PBXBuildFile; fileRef = CE1FCD882A7A81E200D310E8 /* Localizable.stringsdict */; };
		CE1FCD8D2A7BDDEC00D310E8 /* AnalyticsService.swift in Sources */ = {isa = PBXBuildFile; fileRef = CE1FCD8C2A7BDDEC00D310E8 /* AnalyticsService.swift */; };
		CE1FCD8F2A7C096800D310E8 /* Analytics.swift in Sources */ = {isa = PBXBuildFile; fileRef = CE1FCD8E2A7C096800D310E8 /* Analytics.swift */; };
		CE1FCDAB2A7FD69200D310E8 /* SnapshotTesting in Frameworks */ = {isa = PBXBuildFile; productRef = CE1FCDAA2A7FD69200D310E8 /* SnapshotTesting */; };
		CE1FCDAC2A7FDC6500D310E8 /* TrackerAppTests.swift in Sources */ = {isa = PBXBuildFile; fileRef = CE1FCDA22A7FD59C00D310E8 /* TrackerAppTests.swift */; };
		CE3E75942A5C3CCE0030CAAA /* Extension Date.swift in Sources */ = {isa = PBXBuildFile; fileRef = CE3E75932A5C3CCE0030CAAA /* Extension Date.swift */; };
		CE3E75BD2A6057E50030CAAA /* TrackerStore.swift in Sources */ = {isa = PBXBuildFile; fileRef = CE3E75BC2A6057E50030CAAA /* TrackerStore.swift */; };
		CE3E75BF2A6057F70030CAAA /* TrackerCategoryStore.swift in Sources */ = {isa = PBXBuildFile; fileRef = CE3E75BE2A6057F70030CAAA /* TrackerCategoryStore.swift */; };
		CE3E75C12A60580A0030CAAA /* TrackerRecordStore.swift in Sources */ = {isa = PBXBuildFile; fileRef = CE3E75C02A60580A0030CAAA /* TrackerRecordStore.swift */; };
		CE3E75C32A60595C0030CAAA /* MainCoreData.swift in Sources */ = {isa = PBXBuildFile; fileRef = CE3E75C22A60595C0030CAAA /* MainCoreData.swift */; };
		CE3E75C52A605EFE0030CAAA /* Extension String.swift in Sources */ = {isa = PBXBuildFile; fileRef = CE3E75C42A605EFE0030CAAA /* Extension String.swift */; };
		CE3E75C92A656A8B0030CAAA /* CreateNewTrackerTableViewCell.swift in Sources */ = {isa = PBXBuildFile; fileRef = CE3E75C82A656A8B0030CAAA /* CreateNewTrackerTableViewCell.swift */; };
		CE3E75CB2A656B540030CAAA /* EmojiAndColorCollectionViewCell.swift in Sources */ = {isa = PBXBuildFile; fileRef = CE3E75CA2A656B540030CAAA /* EmojiAndColorCollectionViewCell.swift */; };
		CE3E75CC2A6594960030CAAA /* CoreData.xcdatamodeld in Sources */ = {isa = PBXBuildFile; fileRef = CE3E75B82A6056030030CAAA /* CoreData.xcdatamodeld */; };
		CE3E75CF2A6ABBE30030CAAA /* CreateNewTrackerCategory.swift in Sources */ = {isa = PBXBuildFile; fileRef = CE3E75CE2A6ABBE30030CAAA /* CreateNewTrackerCategory.swift */; };
		CE3E75D22A6ABDFB0030CAAA /* CategoriesViewModel.swift in Sources */ = {isa = PBXBuildFile; fileRef = CE3E75D12A6ABDFB0030CAAA /* CategoriesViewModel.swift */; };
		CE3E75D72A6ABFE00030CAAA /* TrackerCategoryTableViewCell.swift in Sources */ = {isa = PBXBuildFile; fileRef = CE3E75D62A6ABFE00030CAAA /* TrackerCategoryTableViewCell.swift */; };
		CE3E75D92A6AE1610030CAAA /* EditCategoryTracker.swift in Sources */ = {isa = PBXBuildFile; fileRef = CE3E75D82A6AE1610030CAAA /* EditCategoryTracker.swift */; };
		CE3E75E32A6BFF930030CAAA /* TrackerFilterViewController.swift in Sources */ = {isa = PBXBuildFile; fileRef = CE3E75E22A6BFF930030CAAA /* TrackerFilterViewController.swift */; };
		CE3E75E52A6BFFED0030CAAA /* Filter.swift in Sources */ = {isa = PBXBuildFile; fileRef = CE3E75E42A6BFFED0030CAAA /* Filter.swift */; };
		CE6184952A56FA9B008D075A /* StatisticViewController.swift in Sources */ = {isa = PBXBuildFile; fileRef = CE6184942A56FA9B008D075A /* StatisticViewController.swift */; };
		CE9420632A3B5899001976A5 /* TrackerScheduleViewController.swift in Sources */ = {isa = PBXBuildFile; fileRef = CE9420622A3B5899001976A5 /* TrackerScheduleViewController.swift */; };
		CE9420652A3B59F9001976A5 /* TrackerRecord.swift in Sources */ = {isa = PBXBuildFile; fileRef = CE9420642A3B59F9001976A5 /* TrackerRecord.swift */; };
		CE9420672A3B5A0E001976A5 /* TrackerCategory.swift in Sources */ = {isa = PBXBuildFile; fileRef = CE9420662A3B5A0E001976A5 /* TrackerCategory.swift */; };
		CE9420692A3B5A1E001976A5 /* Tracker.swift in Sources */ = {isa = PBXBuildFile; fileRef = CE9420682A3B5A1E001976A5 /* Tracker.swift */; };
		CE94206B2A3B5B41001976A5 /* WeekDay.swift in Sources */ = {isa = PBXBuildFile; fileRef = CE94206A2A3B5B41001976A5 /* WeekDay.swift */; };
		CE94206F2A3B7BE2001976A5 /* TrackerCategoryViewController.swift in Sources */ = {isa = PBXBuildFile; fileRef = CE94206E2A3B7BE2001976A5 /* TrackerCategoryViewController.swift */; };
		CEB4D3382A264067004FAE43 /* AppDelegate.swift in Sources */ = {isa = PBXBuildFile; fileRef = CEB4D3372A264067004FAE43 /* AppDelegate.swift */; };
		CEB4D33A2A264067004FAE43 /* SceneDelegate.swift in Sources */ = {isa = PBXBuildFile; fileRef = CEB4D3392A264067004FAE43 /* SceneDelegate.swift */; };
		CEB4D33C2A264067004FAE43 /* TapBarController.swift in Sources */ = {isa = PBXBuildFile; fileRef = CEB4D33B2A264067004FAE43 /* TapBarController.swift */; };
		CEB4D33F2A264067004FAE43 /* Main.storyboard in Resources */ = {isa = PBXBuildFile; fileRef = CEB4D33D2A264067004FAE43 /* Main.storyboard */; };
		CEB4D3412A264068004FAE43 /* Assets.xcassets in Resources */ = {isa = PBXBuildFile; fileRef = CEB4D3402A264068004FAE43 /* Assets.xcassets */; };
		CEB4D3442A264068004FAE43 /* LaunchScreen.storyboard in Resources */ = {isa = PBXBuildFile; fileRef = CEB4D3422A264068004FAE43 /* LaunchScreen.storyboard */; };
		CEB4D34C2A264F52004FAE43 /* OnboardingViewController.swift in Sources */ = {isa = PBXBuildFile; fileRef = CEB4D34B2A264F52004FAE43 /* OnboardingViewController.swift */; };
		CEB4D34F2A265368004FAE43 /* Extension View.swift in Sources */ = {isa = PBXBuildFile; fileRef = CEB4D34E2A265368004FAE43 /* Extension View.swift */; };
		CEB4D3512A278033004FAE43 /* TrackersViewController.swift in Sources */ = {isa = PBXBuildFile; fileRef = CEB4D3502A278033004FAE43 /* TrackersViewController.swift */; };
		CEB4D3542A27AEB9004FAE43 /* ChooseTypeOfTrackerController.swift in Sources */ = {isa = PBXBuildFile; fileRef = CEB4D3532A27AEB9004FAE43 /* ChooseTypeOfTrackerController.swift */; };
		CEB4D3562A27AED4004FAE43 /* CreateNewTrackerViewController.swift in Sources */ = {isa = PBXBuildFile; fileRef = CEB4D3552A27AED4004FAE43 /* CreateNewTrackerViewController.swift */; };
		CECDE5502A4B104A0022AC50 /* TrackersCollectionVIewCell.swift in Sources */ = {isa = PBXBuildFile; fileRef = CECDE54F2A4B104A0022AC50 /* TrackersCollectionVIewCell.swift */; };
		CECDE5522A4B19010022AC50 /* Extension Colors.swift in Sources */ = {isa = PBXBuildFile; fileRef = CECDE5512A4B19010022AC50 /* Extension Colors.swift */; };
/* End PBXBuildFile section */

/* Begin PBXContainerItemProxy section */
		CE1FCDA42A7FD59C00D310E8 /* PBXContainerItemProxy */ = {
			isa = PBXContainerItemProxy;
			containerPortal = CEB4D32C2A264067004FAE43 /* Project object */;
			proxyType = 1;
			remoteGlobalIDString = CEB4D3332A264067004FAE43;
			remoteInfo = TrackerApp;
		};
/* End PBXContainerItemProxy section */

/* Begin PBXFileReference section */
		9AE7CBE094810616645238E7 /* Pods-TrackerApp.release.xcconfig */ = {isa = PBXFileReference; includeInIndex = 1; lastKnownFileType = text.xcconfig; name = "Pods-TrackerApp.release.xcconfig"; path = "Target Support Files/Pods-TrackerApp/Pods-TrackerApp.release.xcconfig"; sourceTree = "<group>"; };
		C6E3AE387D69B92F3A9D7128 /* Pods_TrackerApp.framework */ = {isa = PBXFileReference; explicitFileType = wrapper.framework; includeInIndex = 0; path = Pods_TrackerApp.framework; sourceTree = BUILT_PRODUCTS_DIR; };
		CE1FCD812A7A794800D310E8 /* ru */ = {isa = PBXFileReference; lastKnownFileType = text.plist.strings; name = ru; path = ru.lproj/LocalizableString.strings; sourceTree = "<group>"; };
		CE1FCD832A7A794D00D310E8 /* en */ = {isa = PBXFileReference; lastKnownFileType = text.plist.strings; name = en; path = en.lproj/LocalizableString.strings; sourceTree = "<group>"; };
		CE1FCD872A7A81E200D310E8 /* ru */ = {isa = PBXFileReference; lastKnownFileType = text.plist.stringsdict; name = ru; path = ru.lproj/Localizable.stringsdict; sourceTree = "<group>"; };
		CE1FCD892A7A81E400D310E8 /* en */ = {isa = PBXFileReference; lastKnownFileType = text.plist.stringsdict; name = en; path = en.lproj/Localizable.stringsdict; sourceTree = "<group>"; };
		CE1FCD8C2A7BDDEC00D310E8 /* AnalyticsService.swift */ = {isa = PBXFileReference; lastKnownFileType = sourcecode.swift; path = AnalyticsService.swift; sourceTree = "<group>"; };
		CE1FCD8E2A7C096800D310E8 /* Analytics.swift */ = {isa = PBXFileReference; lastKnownFileType = sourcecode.swift; path = Analytics.swift; sourceTree = "<group>"; };
		CE1FCDA02A7FD59C00D310E8 /* TrackerAppTests.xctest */ = {isa = PBXFileReference; explicitFileType = wrapper.cfbundle; includeInIndex = 0; path = TrackerAppTests.xctest; sourceTree = BUILT_PRODUCTS_DIR; };
		CE1FCDA22A7FD59C00D310E8 /* TrackerAppTests.swift */ = {isa = PBXFileReference; lastKnownFileType = sourcecode.swift; path = TrackerAppTests.swift; sourceTree = "<group>"; };
		CE3E75932A5C3CCE0030CAAA /* Extension Date.swift */ = {isa = PBXFileReference; lastKnownFileType = sourcecode.swift; path = "Extension Date.swift"; sourceTree = "<group>"; };
		CE3E75B92A6056030030CAAA /* CoreData.xcdatamodel */ = {isa = PBXFileReference; lastKnownFileType = wrapper.xcdatamodel; path = CoreData.xcdatamodel; sourceTree = "<group>"; };
		CE3E75BC2A6057E50030CAAA /* TrackerStore.swift */ = {isa = PBXFileReference; lastKnownFileType = sourcecode.swift; path = TrackerStore.swift; sourceTree = "<group>"; };
		CE3E75BE2A6057F70030CAAA /* TrackerCategoryStore.swift */ = {isa = PBXFileReference; lastKnownFileType = sourcecode.swift; path = TrackerCategoryStore.swift; sourceTree = "<group>"; };
		CE3E75C02A60580A0030CAAA /* TrackerRecordStore.swift */ = {isa = PBXFileReference; lastKnownFileType = sourcecode.swift; path = TrackerRecordStore.swift; sourceTree = "<group>"; };
		CE3E75C22A60595C0030CAAA /* MainCoreData.swift */ = {isa = PBXFileReference; lastKnownFileType = sourcecode.swift; path = MainCoreData.swift; sourceTree = "<group>"; };
		CE3E75C42A605EFE0030CAAA /* Extension String.swift */ = {isa = PBXFileReference; lastKnownFileType = sourcecode.swift; path = "Extension String.swift"; sourceTree = "<group>"; };
		CE3E75C82A656A8B0030CAAA /* CreateNewTrackerTableViewCell.swift */ = {isa = PBXFileReference; lastKnownFileType = sourcecode.swift; path = CreateNewTrackerTableViewCell.swift; sourceTree = "<group>"; };
		CE3E75CA2A656B540030CAAA /* EmojiAndColorCollectionViewCell.swift */ = {isa = PBXFileReference; lastKnownFileType = sourcecode.swift; path = EmojiAndColorCollectionViewCell.swift; sourceTree = "<group>"; };
		CE3E75CE2A6ABBE30030CAAA /* CreateNewTrackerCategory.swift */ = {isa = PBXFileReference; lastKnownFileType = sourcecode.swift; path = CreateNewTrackerCategory.swift; sourceTree = "<group>"; };
		CE3E75D12A6ABDFB0030CAAA /* CategoriesViewModel.swift */ = {isa = PBXFileReference; lastKnownFileType = sourcecode.swift; path = CategoriesViewModel.swift; sourceTree = "<group>"; };
		CE3E75D62A6ABFE00030CAAA /* TrackerCategoryTableViewCell.swift */ = {isa = PBXFileReference; lastKnownFileType = sourcecode.swift; path = TrackerCategoryTableViewCell.swift; sourceTree = "<group>"; };
		CE3E75D82A6AE1610030CAAA /* EditCategoryTracker.swift */ = {isa = PBXFileReference; lastKnownFileType = sourcecode.swift; path = EditCategoryTracker.swift; sourceTree = "<group>"; };
		CE3E75DC2A6BFA940030CAAA /* ru */ = {isa = PBXFileReference; lastKnownFileType = text.plist.strings; name = ru; path = ru.lproj/Main.strings; sourceTree = "<group>"; };
		CE3E75DD2A6BFA940030CAAA /* ru */ = {isa = PBXFileReference; lastKnownFileType = text.plist.strings; name = ru; path = ru.lproj/LaunchScreen.strings; sourceTree = "<group>"; };
		CE3E75E22A6BFF930030CAAA /* TrackerFilterViewController.swift */ = {isa = PBXFileReference; lastKnownFileType = sourcecode.swift; path = TrackerFilterViewController.swift; sourceTree = "<group>"; };
		CE3E75E42A6BFFED0030CAAA /* Filter.swift */ = {isa = PBXFileReference; lastKnownFileType = sourcecode.swift; path = Filter.swift; sourceTree = "<group>"; };
		CE6184942A56FA9B008D075A /* StatisticViewController.swift */ = {isa = PBXFileReference; lastKnownFileType = sourcecode.swift; path = StatisticViewController.swift; sourceTree = "<group>"; };
		CE9420622A3B5899001976A5 /* TrackerScheduleViewController.swift */ = {isa = PBXFileReference; lastKnownFileType = sourcecode.swift; path = TrackerScheduleViewController.swift; sourceTree = "<group>"; };
		CE9420642A3B59F9001976A5 /* TrackerRecord.swift */ = {isa = PBXFileReference; lastKnownFileType = sourcecode.swift; path = TrackerRecord.swift; sourceTree = "<group>"; };
		CE9420662A3B5A0E001976A5 /* TrackerCategory.swift */ = {isa = PBXFileReference; lastKnownFileType = sourcecode.swift; path = TrackerCategory.swift; sourceTree = "<group>"; };
		CE9420682A3B5A1E001976A5 /* Tracker.swift */ = {isa = PBXFileReference; lastKnownFileType = sourcecode.swift; path = Tracker.swift; sourceTree = "<group>"; };
		CE94206A2A3B5B41001976A5 /* WeekDay.swift */ = {isa = PBXFileReference; lastKnownFileType = sourcecode.swift; path = WeekDay.swift; sourceTree = "<group>"; };
		CE94206E2A3B7BE2001976A5 /* TrackerCategoryViewController.swift */ = {isa = PBXFileReference; lastKnownFileType = sourcecode.swift; path = TrackerCategoryViewController.swift; sourceTree = "<group>"; };
		CEB4D3342A264067004FAE43 /* TrackerApp.app */ = {isa = PBXFileReference; explicitFileType = wrapper.application; includeInIndex = 0; path = TrackerApp.app; sourceTree = BUILT_PRODUCTS_DIR; };
		CEB4D3372A264067004FAE43 /* AppDelegate.swift */ = {isa = PBXFileReference; lastKnownFileType = sourcecode.swift; path = AppDelegate.swift; sourceTree = "<group>"; };
		CEB4D3392A264067004FAE43 /* SceneDelegate.swift */ = {isa = PBXFileReference; lastKnownFileType = sourcecode.swift; path = SceneDelegate.swift; sourceTree = "<group>"; };
		CEB4D33B2A264067004FAE43 /* TapBarController.swift */ = {isa = PBXFileReference; lastKnownFileType = sourcecode.swift; path = TapBarController.swift; sourceTree = "<group>"; };
		CEB4D33E2A264067004FAE43 /* Base */ = {isa = PBXFileReference; lastKnownFileType = file.storyboard; name = Base; path = Base.lproj/Main.storyboard; sourceTree = "<group>"; };
		CEB4D3402A264068004FAE43 /* Assets.xcassets */ = {isa = PBXFileReference; lastKnownFileType = folder.assetcatalog; path = Assets.xcassets; sourceTree = "<group>"; };
		CEB4D3432A264068004FAE43 /* Base */ = {isa = PBXFileReference; lastKnownFileType = file.storyboard; name = Base; path = Base.lproj/LaunchScreen.storyboard; sourceTree = "<group>"; };
		CEB4D3452A264068004FAE43 /* Info.plist */ = {isa = PBXFileReference; lastKnownFileType = text.plist.xml; path = Info.plist; sourceTree = "<group>"; };
		CEB4D34B2A264F52004FAE43 /* OnboardingViewController.swift */ = {isa = PBXFileReference; lastKnownFileType = sourcecode.swift; path = OnboardingViewController.swift; sourceTree = "<group>"; };
		CEB4D34E2A265368004FAE43 /* Extension View.swift */ = {isa = PBXFileReference; lastKnownFileType = sourcecode.swift; path = "Extension View.swift"; sourceTree = "<group>"; };
		CEB4D3502A278033004FAE43 /* TrackersViewController.swift */ = {isa = PBXFileReference; lastKnownFileType = sourcecode.swift; path = TrackersViewController.swift; sourceTree = "<group>"; };
		CEB4D3532A27AEB9004FAE43 /* ChooseTypeOfTrackerController.swift */ = {isa = PBXFileReference; lastKnownFileType = sourcecode.swift; path = ChooseTypeOfTrackerController.swift; sourceTree = "<group>"; };
		CEB4D3552A27AED4004FAE43 /* CreateNewTrackerViewController.swift */ = {isa = PBXFileReference; lastKnownFileType = sourcecode.swift; path = CreateNewTrackerViewController.swift; sourceTree = "<group>"; };
		CECDE54F2A4B104A0022AC50 /* TrackersCollectionVIewCell.swift */ = {isa = PBXFileReference; lastKnownFileType = sourcecode.swift; path = TrackersCollectionVIewCell.swift; sourceTree = "<group>"; };
		CECDE5512A4B19010022AC50 /* Extension Colors.swift */ = {isa = PBXFileReference; lastKnownFileType = sourcecode.swift; path = "Extension Colors.swift"; sourceTree = "<group>"; };
		EEAB832E2B9ACEE64F3E6EE2 /* Pods-TrackerApp.debug.xcconfig */ = {isa = PBXFileReference; includeInIndex = 1; lastKnownFileType = text.xcconfig; name = "Pods-TrackerApp.debug.xcconfig"; path = "Target Support Files/Pods-TrackerApp/Pods-TrackerApp.debug.xcconfig"; sourceTree = "<group>"; };
/* End PBXFileReference section */

/* Begin PBXFrameworksBuildPhase section */
		CE1FCD9D2A7FD59C00D310E8 /* Frameworks */ = {
			isa = PBXFrameworksBuildPhase;
			buildActionMask = 2147483647;
			files = (
				CE1FCDAB2A7FD69200D310E8 /* SnapshotTesting in Frameworks */,
			);
			runOnlyForDeploymentPostprocessing = 0;
		};
		CEB4D3312A264067004FAE43 /* Frameworks */ = {
			isa = PBXFrameworksBuildPhase;
			buildActionMask = 2147483647;
			files = (
				20035132E180ED1884DE32B7 /* Pods_TrackerApp.framework in Frameworks */,
			);
			runOnlyForDeploymentPostprocessing = 0;
		};
/* End PBXFrameworksBuildPhase section */

/* Begin PBXGroup section */
		7E3C7988DB3B131424BD8A19 /* Frameworks */ = {
			isa = PBXGroup;
			children = (
				C6E3AE387D69B92F3A9D7128 /* Pods_TrackerApp.framework */,
			);
			name = Frameworks;
			sourceTree = "<group>";
		};
		CE1FCD8A2A7BD52B00D310E8 /* Resource */ = {
			isa = PBXGroup;
			children = (
				CE1FCD822A7A794800D310E8 /* LocalizableString.strings */,
				CE1FCD882A7A81E200D310E8 /* Localizable.stringsdict */,
			);
			path = Resource;
			sourceTree = "<group>";
		};
		CE1FCD8B2A7BD54400D310E8 /* Supporting Files */ = {
			isa = PBXGroup;
			children = (
				CEB4D3402A264068004FAE43 /* Assets.xcassets */,
				CEB4D33D2A264067004FAE43 /* Main.storyboard */,
				CEB4D3422A264068004FAE43 /* LaunchScreen.storyboard */,
			);
			path = "Supporting Files";
			sourceTree = "<group>";
		};
		CE1FCDA12A7FD59C00D310E8 /* TrackerAppTests */ = {
			isa = PBXGroup;
			children = (
				CE1FCDA22A7FD59C00D310E8 /* TrackerAppTests.swift */,
			);
			path = TrackerAppTests;
			sourceTree = "<group>";
		};
		CE3E75BB2A60571E0030CAAA /* CoreData */ = {
			isa = PBXGroup;
			children = (
				CE3E75B82A6056030030CAAA /* CoreData.xcdatamodeld */,
				CE3E75BC2A6057E50030CAAA /* TrackerStore.swift */,
				CE3E75BE2A6057F70030CAAA /* TrackerCategoryStore.swift */,
				CE3E75C02A60580A0030CAAA /* TrackerRecordStore.swift */,
				CE3E75C22A60595C0030CAAA /* MainCoreData.swift */,
			);
			path = CoreData;
			sourceTree = "<group>";
		};
		CE3E75C62A65699C0030CAAA /* TrackerViewController */ = {
			isa = PBXGroup;
			children = (
				CEB4D3502A278033004FAE43 /* TrackersViewController.swift */,
				CE3E75E22A6BFF930030CAAA /* TrackerFilterViewController.swift */,
				CECDE54F2A4B104A0022AC50 /* TrackersCollectionVIewCell.swift */,
			);
			path = TrackerViewController;
			sourceTree = "<group>";
		};
		CE3E75C72A6569C30030CAAA /* CreateNewTrackerViewController */ = {
			isa = PBXGroup;
			children = (
				CEB4D3552A27AED4004FAE43 /* CreateNewTrackerViewController.swift */,
				CE3E75C82A656A8B0030CAAA /* CreateNewTrackerTableViewCell.swift */,
				CE3E75CA2A656B540030CAAA /* EmojiAndColorCollectionViewCell.swift */,
			);
			path = CreateNewTrackerViewController;
			sourceTree = "<group>";
		};
		CE3E75CD2A6AA8610030CAAA /* TrackerCategory */ = {
			isa = PBXGroup;
			children = (
				CE3E75D82A6AE1610030CAAA /* EditCategoryTracker.swift */,
				CE3E75CE2A6ABBE30030CAAA /* CreateNewTrackerCategory.swift */,
				CE3E75D02A6ABDE40030CAAA /* MVVM */,
			);
			path = TrackerCategory;
			sourceTree = "<group>";
		};
		CE3E75D02A6ABDE40030CAAA /* MVVM */ = {
			isa = PBXGroup;
			children = (
				CE3E75D52A6ABE160030CAAA /* Model */,
				CE3E75D42A6ABE110030CAAA /* View */,
				CE3E75D32A6ABE090030CAAA /* ViewModel */,
			);
			path = MVVM;
			sourceTree = "<group>";
		};
		CE3E75D32A6ABE090030CAAA /* ViewModel */ = {
			isa = PBXGroup;
			children = (
				CE3E75D12A6ABDFB0030CAAA /* CategoriesViewModel.swift */,
			);
			path = ViewModel;
			sourceTree = "<group>";
		};
		CE3E75D42A6ABE110030CAAA /* View */ = {
			isa = PBXGroup;
			children = (
				CE94206E2A3B7BE2001976A5 /* TrackerCategoryViewController.swift */,
				CE3E75D62A6ABFE00030CAAA /* TrackerCategoryTableViewCell.swift */,
			);
			path = View;
			sourceTree = "<group>";
		};
		CE3E75D52A6ABE160030CAAA /* Model */ = {
			isa = PBXGroup;
			children = (
				CE9420662A3B5A0E001976A5 /* TrackerCategory.swift */,
			);
			path = Model;
			sourceTree = "<group>";
		};
		CEB4D32B2A264067004FAE43 = {
			isa = PBXGroup;
			children = (
				CE1FCD8C2A7BDDEC00D310E8 /* AnalyticsService.swift */,
				CEB4D3392A264067004FAE43 /* SceneDelegate.swift */,
				CEB4D3372A264067004FAE43 /* AppDelegate.swift */,
				CE3E75BB2A60571E0030CAAA /* CoreData */,
				CEB4D3362A264067004FAE43 /* TrackerApp */,
				CE1FCD8B2A7BD54400D310E8 /* Supporting Files */,
				CE1FCD8A2A7BD52B00D310E8 /* Resource */,
				CEB4D3522A27A7A8004FAE43 /* Models */,
				CEB4D34D2A2652F6004FAE43 /* Helpers */,
				CE1FCDA12A7FD59C00D310E8 /* TrackerAppTests */,
				CEB4D3352A264067004FAE43 /* Products */,
				FAEB530E05F658248D227267 /* Pods */,
				7E3C7988DB3B131424BD8A19 /* Frameworks */,
			);
			sourceTree = "<group>";
		};
		CEB4D3352A264067004FAE43 /* Products */ = {
			isa = PBXGroup;
			children = (
				CEB4D3342A264067004FAE43 /* TrackerApp.app */,
				CE1FCDA02A7FD59C00D310E8 /* TrackerAppTests.xctest */,
			);
			name = Products;
			sourceTree = "<group>";
		};
		CEB4D3362A264067004FAE43 /* TrackerApp */ = {
			isa = PBXGroup;
			children = (
				CE3E75C62A65699C0030CAAA /* TrackerViewController */,
				CE3E75C72A6569C30030CAAA /* CreateNewTrackerViewController */,
				CE3E75CD2A6AA8610030CAAA /* TrackerCategory */,
				CE9420622A3B5899001976A5 /* TrackerScheduleViewController.swift */,
				CEB4D33B2A264067004FAE43 /* TapBarController.swift */,
				CEB4D3532A27AEB9004FAE43 /* ChooseTypeOfTrackerController.swift */,
				CEB4D34B2A264F52004FAE43 /* OnboardingViewController.swift */,
				CE6184942A56FA9B008D075A /* StatisticViewController.swift */,
				CEB4D3452A264068004FAE43 /* Info.plist */,
			);
			path = TrackerApp;
			sourceTree = "<group>";
		};
		CEB4D34D2A2652F6004FAE43 /* Helpers */ = {
			isa = PBXGroup;
			children = (
				CEB4D34E2A265368004FAE43 /* Extension View.swift */,
				CE3E75932A5C3CCE0030CAAA /* Extension Date.swift */,
				CECDE5512A4B19010022AC50 /* Extension Colors.swift */,
				CE3E75C42A605EFE0030CAAA /* Extension String.swift */,
			);
			path = Helpers;
			sourceTree = "<group>";
		};
		CEB4D3522A27A7A8004FAE43 /* Models */ = {
			isa = PBXGroup;
			children = (
				CE9420642A3B59F9001976A5 /* TrackerRecord.swift */,
				CE9420682A3B5A1E001976A5 /* Tracker.swift */,
				CE94206A2A3B5B41001976A5 /* WeekDay.swift */,
				CE3E75E42A6BFFED0030CAAA /* Filter.swift */,
				CE1FCD8E2A7C096800D310E8 /* Analytics.swift */,
			);
			path = Models;
			sourceTree = "<group>";
		};
		FAEB530E05F658248D227267 /* Pods */ = {
			isa = PBXGroup;
			children = (
				EEAB832E2B9ACEE64F3E6EE2 /* Pods-TrackerApp.debug.xcconfig */,
				9AE7CBE094810616645238E7 /* Pods-TrackerApp.release.xcconfig */,
			);
			path = Pods;
			sourceTree = "<group>";
		};
/* End PBXGroup section */

/* Begin PBXNativeTarget section */
		CE1FCD9F2A7FD59C00D310E8 /* TrackerAppTests */ = {
			isa = PBXNativeTarget;
			buildConfigurationList = CE1FCDA62A7FD59C00D310E8 /* Build configuration list for PBXNativeTarget "TrackerAppTests" */;
			buildPhases = (
				CE1FCD9C2A7FD59C00D310E8 /* Sources */,
				CE1FCD9D2A7FD59C00D310E8 /* Frameworks */,
				CE1FCD9E2A7FD59C00D310E8 /* Resources */,
			);
			buildRules = (
			);
			dependencies = (
				CE1FCDA52A7FD59C00D310E8 /* PBXTargetDependency */,
			);
			name = TrackerAppTests;
			packageProductDependencies = (
				CE1FCDAA2A7FD69200D310E8 /* SnapshotTesting */,
			);
			productName = TrackerAppTests;
			productReference = CE1FCDA02A7FD59C00D310E8 /* TrackerAppTests.xctest */;
			productType = "com.apple.product-type.bundle.unit-test";
		};
		CEB4D3332A264067004FAE43 /* TrackerApp */ = {
			isa = PBXNativeTarget;
			buildConfigurationList = CEB4D3482A264068004FAE43 /* Build configuration list for PBXNativeTarget "TrackerApp" */;
			buildPhases = (
				7D9CC57B3585E4D5303E70E1 /* [CP] Check Pods Manifest.lock */,
				CEB4D3302A264067004FAE43 /* Sources */,
				CEB4D3312A264067004FAE43 /* Frameworks */,
				CEB4D3322A264067004FAE43 /* Resources */,
				82072FCBB79E066C67263961 /* [CP] Embed Pods Frameworks */,
			);
			buildRules = (
			);
			dependencies = (
			);
			name = TrackerApp;
			packageProductDependencies = (
			);
			productName = TrackerApp;
			productReference = CEB4D3342A264067004FAE43 /* TrackerApp.app */;
			productType = "com.apple.product-type.application";
		};
/* End PBXNativeTarget section */

/* Begin PBXProject section */
		CEB4D32C2A264067004FAE43 /* Project object */ = {
			isa = PBXProject;
			attributes = {
				BuildIndependentTargetsInParallel = 1;
				LastSwiftUpdateCheck = 1420;
				LastUpgradeCheck = 1420;
				TargetAttributes = {
					CE1FCD9F2A7FD59C00D310E8 = {
						CreatedOnToolsVersion = 14.2;
						TestTargetID = CEB4D3332A264067004FAE43;
					};
					CEB4D3332A264067004FAE43 = {
						CreatedOnToolsVersion = 14.2;
					};
				};
			};
			buildConfigurationList = CEB4D32F2A264067004FAE43 /* Build configuration list for PBXProject "TrackerApp" */;
			compatibilityVersion = "Xcode 14.0";
			developmentRegion = en;
			hasScannedForEncodings = 0;
			knownRegions = (
				en,
				Base,
				ru,
			);
			mainGroup = CEB4D32B2A264067004FAE43;
			packageReferences = (
				CE1FCD992A7FD4B500D310E8 /* XCRemoteSwiftPackageReference "swift-snapshot-testing" */,
			);
			productRefGroup = CEB4D3352A264067004FAE43 /* Products */;
			projectDirPath = "";
			projectRoot = "";
			targets = (
				CEB4D3332A264067004FAE43 /* TrackerApp */,
				CE1FCD9F2A7FD59C00D310E8 /* TrackerAppTests */,
			);
		};
/* End PBXProject section */

/* Begin PBXResourcesBuildPhase section */
		CE1FCD9E2A7FD59C00D310E8 /* Resources */ = {
			isa = PBXResourcesBuildPhase;
			buildActionMask = 2147483647;
			files = (
			);
			runOnlyForDeploymentPostprocessing = 0;
		};
		CEB4D3322A264067004FAE43 /* Resources */ = {
			isa = PBXResourcesBuildPhase;
			buildActionMask = 2147483647;
			files = (
				CEB4D3442A264068004FAE43 /* LaunchScreen.storyboard in Resources */,
				CE1FCD802A7A794800D310E8 /* LocalizableString.strings in Resources */,
				CEB4D3412A264068004FAE43 /* Assets.xcassets in Resources */,
				CE1FCD862A7A81E200D310E8 /* Localizable.stringsdict in Resources */,
				CEB4D33F2A264067004FAE43 /* Main.storyboard in Resources */,
			);
			runOnlyForDeploymentPostprocessing = 0;
		};
/* End PBXResourcesBuildPhase section */

/* Begin PBXShellScriptBuildPhase section */
		7D9CC57B3585E4D5303E70E1 /* [CP] Check Pods Manifest.lock */ = {
			isa = PBXShellScriptBuildPhase;
			buildActionMask = 2147483647;
			files = (
			);
			inputFileListPaths = (
			);
			inputPaths = (
				"${PODS_PODFILE_DIR_PATH}/Podfile.lock",
				"${PODS_ROOT}/Manifest.lock",
			);
			name = "[CP] Check Pods Manifest.lock";
			outputFileListPaths = (
			);
			outputPaths = (
				"$(DERIVED_FILE_DIR)/Pods-TrackerApp-checkManifestLockResult.txt",
			);
			runOnlyForDeploymentPostprocessing = 0;
			shellPath = /bin/sh;
			shellScript = "diff \"${PODS_PODFILE_DIR_PATH}/Podfile.lock\" \"${PODS_ROOT}/Manifest.lock\" > /dev/null\nif [ $? != 0 ] ; then\n    # print error to STDERR\n    echo \"error: The sandbox is not in sync with the Podfile.lock. Run 'pod install' or update your CocoaPods installation.\" >&2\n    exit 1\nfi\n# This output is used by Xcode 'outputs' to avoid re-running this script phase.\necho \"SUCCESS\" > \"${SCRIPT_OUTPUT_FILE_0}\"\n";
			showEnvVarsInLog = 0;
		};
		82072FCBB79E066C67263961 /* [CP] Embed Pods Frameworks */ = {
			isa = PBXShellScriptBuildPhase;
			buildActionMask = 2147483647;
			files = (
			);
			inputFileListPaths = (
				"${PODS_ROOT}/Target Support Files/Pods-TrackerApp/Pods-TrackerApp-frameworks-${CONFIGURATION}-input-files.xcfilelist",
			);
			name = "[CP] Embed Pods Frameworks";
			outputFileListPaths = (
				"${PODS_ROOT}/Target Support Files/Pods-TrackerApp/Pods-TrackerApp-frameworks-${CONFIGURATION}-output-files.xcfilelist",
			);
			runOnlyForDeploymentPostprocessing = 0;
			shellPath = /bin/sh;
			shellScript = "\"${PODS_ROOT}/Target Support Files/Pods-TrackerApp/Pods-TrackerApp-frameworks.sh\"\n";
			showEnvVarsInLog = 0;
		};
/* End PBXShellScriptBuildPhase section */

/* Begin PBXSourcesBuildPhase section */
		CE1FCD9C2A7FD59C00D310E8 /* Sources */ = {
			isa = PBXSourcesBuildPhase;
			buildActionMask = 2147483647;
			files = (
				CE1FCDAC2A7FDC6500D310E8 /* TrackerAppTests.swift in Sources */,
			);
			runOnlyForDeploymentPostprocessing = 0;
		};
		CEB4D3302A264067004FAE43 /* Sources */ = {
			isa = PBXSourcesBuildPhase;
			buildActionMask = 2147483647;
			files = (
				CE3E75E32A6BFF930030CAAA /* TrackerFilterViewController.swift in Sources */,
				CECDE5522A4B19010022AC50 /* Extension Colors.swift in Sources */,
				CE3E75CC2A6594960030CAAA /* CoreData.xcdatamodeld in Sources */,
				CEB4D34C2A264F52004FAE43 /* OnboardingViewController.swift in Sources */,
				CE3E75C12A60580A0030CAAA /* TrackerRecordStore.swift in Sources */,
				CE3E75D22A6ABDFB0030CAAA /* CategoriesViewModel.swift in Sources */,
				CEB4D33C2A264067004FAE43 /* TapBarController.swift in Sources */,
				CE3E75C92A656A8B0030CAAA /* CreateNewTrackerTableViewCell.swift in Sources */,
				CE3E75C32A60595C0030CAAA /* MainCoreData.swift in Sources */,
				CEB4D3382A264067004FAE43 /* AppDelegate.swift in Sources */,
				CEB4D3512A278033004FAE43 /* TrackersViewController.swift in Sources */,
				CEB4D34F2A265368004FAE43 /* Extension View.swift in Sources */,
				CE9420652A3B59F9001976A5 /* TrackerRecord.swift in Sources */,
				CE3E75E52A6BFFED0030CAAA /* Filter.swift in Sources */,
				CE9420632A3B5899001976A5 /* TrackerScheduleViewController.swift in Sources */,
				CE94206B2A3B5B41001976A5 /* WeekDay.swift in Sources */,
				CE1FCD8F2A7C096800D310E8 /* Analytics.swift in Sources */,
				CEB4D3542A27AEB9004FAE43 /* ChooseTypeOfTrackerController.swift in Sources */,
				CEB4D3562A27AED4004FAE43 /* CreateNewTrackerViewController.swift in Sources */,
				CEB4D33A2A264067004FAE43 /* SceneDelegate.swift in Sources */,
				CE3E75CF2A6ABBE30030CAAA /* CreateNewTrackerCategory.swift in Sources */,
				CE3E75CB2A656B540030CAAA /* EmojiAndColorCollectionViewCell.swift in Sources */,
				CE3E75C52A605EFE0030CAAA /* Extension String.swift in Sources */,
				CE94206F2A3B7BE2001976A5 /* TrackerCategoryViewController.swift in Sources */,
				CE3E75BF2A6057F70030CAAA /* TrackerCategoryStore.swift in Sources */,
				CE3E75BD2A6057E50030CAAA /* TrackerStore.swift in Sources */,
				CE3E75942A5C3CCE0030CAAA /* Extension Date.swift in Sources */,
				CE3E75D92A6AE1610030CAAA /* EditCategoryTracker.swift in Sources */,
				CE3E75D72A6ABFE00030CAAA /* TrackerCategoryTableViewCell.swift in Sources */,
				CE9420672A3B5A0E001976A5 /* TrackerCategory.swift in Sources */,
				CE1FCD8D2A7BDDEC00D310E8 /* AnalyticsService.swift in Sources */,
				CE6184952A56FA9B008D075A /* StatisticViewController.swift in Sources */,
				CE9420692A3B5A1E001976A5 /* Tracker.swift in Sources */,
				CECDE5502A4B104A0022AC50 /* TrackersCollectionVIewCell.swift in Sources */,
			);
			runOnlyForDeploymentPostprocessing = 0;
		};
/* End PBXSourcesBuildPhase section */

/* Begin PBXTargetDependency section */
		CE1FCDA52A7FD59C00D310E8 /* PBXTargetDependency */ = {
			isa = PBXTargetDependency;
			target = CEB4D3332A264067004FAE43 /* TrackerApp */;
			targetProxy = CE1FCDA42A7FD59C00D310E8 /* PBXContainerItemProxy */;
		};
/* End PBXTargetDependency section */

/* Begin PBXVariantGroup section */
		CE1FCD822A7A794800D310E8 /* LocalizableString.strings */ = {
			isa = PBXVariantGroup;
			children = (
				CE1FCD812A7A794800D310E8 /* ru */,
				CE1FCD832A7A794D00D310E8 /* en */,
			);
			name = LocalizableString.strings;
			sourceTree = "<group>";
		};
		CE1FCD882A7A81E200D310E8 /* Localizable.stringsdict */ = {
			isa = PBXVariantGroup;
			children = (
				CE1FCD872A7A81E200D310E8 /* ru */,
				CE1FCD892A7A81E400D310E8 /* en */,
			);
			name = Localizable.stringsdict;
			sourceTree = "<group>";
		};
		CEB4D33D2A264067004FAE43 /* Main.storyboard */ = {
			isa = PBXVariantGroup;
			children = (
				CEB4D33E2A264067004FAE43 /* Base */,
				CE3E75DC2A6BFA940030CAAA /* ru */,
			);
			name = Main.storyboard;
			sourceTree = "<group>";
		};
		CEB4D3422A264068004FAE43 /* LaunchScreen.storyboard */ = {
			isa = PBXVariantGroup;
			children = (
				CEB4D3432A264068004FAE43 /* Base */,
				CE3E75DD2A6BFA940030CAAA /* ru */,
			);
			name = LaunchScreen.storyboard;
			sourceTree = "<group>";
		};
/* End PBXVariantGroup section */

/* Begin XCBuildConfiguration section */
		CE1FCDA72A7FD59C00D310E8 /* Debug */ = {
			isa = XCBuildConfiguration;
			buildSettings = {
				BUNDLE_LOADER = "$(TEST_HOST)";
				CODE_SIGN_STYLE = Automatic;
				CURRENT_PROJECT_VERSION = 1;
				DEVELOPMENT_TEAM = C4L53C7A94;
				GENERATE_INFOPLIST_FILE = YES;
				MARKETING_VERSION = 1.0;
				PRODUCT_BUNDLE_IDENTIFIER = ru.yandex.practicum.TrackerAppTests;
				PRODUCT_NAME = "$(TARGET_NAME)";
				SWIFT_EMIT_LOC_STRINGS = NO;
				SWIFT_VERSION = 5.0;
				TARGETED_DEVICE_FAMILY = "1,2";
				TEST_HOST = "$(BUILT_PRODUCTS_DIR)/TrackerApp.app/$(BUNDLE_EXECUTABLE_FOLDER_PATH)/TrackerApp";
			};
			name = Debug;
		};
		CE1FCDA82A7FD59C00D310E8 /* Release */ = {
			isa = XCBuildConfiguration;
			buildSettings = {
				BUNDLE_LOADER = "$(TEST_HOST)";
				CODE_SIGN_STYLE = Automatic;
				CURRENT_PROJECT_VERSION = 1;
				DEVELOPMENT_TEAM = C4L53C7A94;
				GENERATE_INFOPLIST_FILE = YES;
				MARKETING_VERSION = 1.0;
				PRODUCT_BUNDLE_IDENTIFIER = ru.yandex.practicum.TrackerAppTests;
				PRODUCT_NAME = "$(TARGET_NAME)";
				SWIFT_EMIT_LOC_STRINGS = NO;
				SWIFT_VERSION = 5.0;
				TARGETED_DEVICE_FAMILY = "1,2";
				TEST_HOST = "$(BUILT_PRODUCTS_DIR)/TrackerApp.app/$(BUNDLE_EXECUTABLE_FOLDER_PATH)/TrackerApp";
			};
			name = Release;
		};
		CEB4D3462A264068004FAE43 /* Debug */ = {
			isa = XCBuildConfiguration;
			buildSettings = {
				ALWAYS_SEARCH_USER_PATHS = NO;
				CLANG_ANALYZER_LOCALIZABILITY_NONLOCALIZED = YES;
				CLANG_ANALYZER_NONNULL = YES;
				CLANG_ANALYZER_NUMBER_OBJECT_CONVERSION = YES_AGGRESSIVE;
				CLANG_CXX_LANGUAGE_STANDARD = "gnu++20";
				CLANG_ENABLE_MODULES = YES;
				CLANG_ENABLE_OBJC_ARC = YES;
				CLANG_ENABLE_OBJC_WEAK = YES;
				CLANG_WARN_BLOCK_CAPTURE_AUTORELEASING = YES;
				CLANG_WARN_BOOL_CONVERSION = YES;
				CLANG_WARN_COMMA = YES;
				CLANG_WARN_CONSTANT_CONVERSION = YES;
				CLANG_WARN_DEPRECATED_OBJC_IMPLEMENTATIONS = YES;
				CLANG_WARN_DIRECT_OBJC_ISA_USAGE = YES_ERROR;
				CLANG_WARN_DOCUMENTATION_COMMENTS = YES;
				CLANG_WARN_EMPTY_BODY = YES;
				CLANG_WARN_ENUM_CONVERSION = YES;
				CLANG_WARN_INFINITE_RECURSION = YES;
				CLANG_WARN_INT_CONVERSION = YES;
				CLANG_WARN_NON_LITERAL_NULL_CONVERSION = YES;
				CLANG_WARN_OBJC_IMPLICIT_RETAIN_SELF = YES;
				CLANG_WARN_OBJC_LITERAL_CONVERSION = YES;
				CLANG_WARN_OBJC_ROOT_CLASS = YES_ERROR;
				CLANG_WARN_QUOTED_INCLUDE_IN_FRAMEWORK_HEADER = YES;
				CLANG_WARN_RANGE_LOOP_ANALYSIS = YES;
				CLANG_WARN_STRICT_PROTOTYPES = YES;
				CLANG_WARN_SUSPICIOUS_MOVE = YES;
				CLANG_WARN_UNGUARDED_AVAILABILITY = YES_AGGRESSIVE;
				CLANG_WARN_UNREACHABLE_CODE = YES;
				CLANG_WARN__DUPLICATE_METHOD_MATCH = YES;
				COPY_PHASE_STRIP = NO;
				DEBUG_INFORMATION_FORMAT = dwarf;
				ENABLE_STRICT_OBJC_MSGSEND = YES;
				ENABLE_TESTABILITY = YES;
				GCC_C_LANGUAGE_STANDARD = gnu11;
				GCC_DYNAMIC_NO_PIC = NO;
				GCC_NO_COMMON_BLOCKS = YES;
				GCC_OPTIMIZATION_LEVEL = 0;
				GCC_PREPROCESSOR_DEFINITIONS = (
					"DEBUG=1",
					"$(inherited)",
				);
				GCC_WARN_64_TO_32_BIT_CONVERSION = YES;
				GCC_WARN_ABOUT_RETURN_TYPE = YES_ERROR;
				GCC_WARN_UNDECLARED_SELECTOR = YES;
				GCC_WARN_UNINITIALIZED_AUTOS = YES_AGGRESSIVE;
				GCC_WARN_UNUSED_FUNCTION = YES;
				GCC_WARN_UNUSED_VARIABLE = YES;
				IPHONEOS_DEPLOYMENT_TARGET = 16.2;
				MTL_ENABLE_DEBUG_INFO = INCLUDE_SOURCE;
				MTL_FAST_MATH = YES;
				ONLY_ACTIVE_ARCH = YES;
				SDKROOT = iphoneos;
				SWIFT_ACTIVE_COMPILATION_CONDITIONS = DEBUG;
				SWIFT_OPTIMIZATION_LEVEL = "-Onone";
			};
			name = Debug;
		};
		CEB4D3472A264068004FAE43 /* Release */ = {
			isa = XCBuildConfiguration;
			buildSettings = {
				ALWAYS_SEARCH_USER_PATHS = NO;
				CLANG_ANALYZER_LOCALIZABILITY_NONLOCALIZED = YES;
				CLANG_ANALYZER_NONNULL = YES;
				CLANG_ANALYZER_NUMBER_OBJECT_CONVERSION = YES_AGGRESSIVE;
				CLANG_CXX_LANGUAGE_STANDARD = "gnu++20";
				CLANG_ENABLE_MODULES = YES;
				CLANG_ENABLE_OBJC_ARC = YES;
				CLANG_ENABLE_OBJC_WEAK = YES;
				CLANG_WARN_BLOCK_CAPTURE_AUTORELEASING = YES;
				CLANG_WARN_BOOL_CONVERSION = YES;
				CLANG_WARN_COMMA = YES;
				CLANG_WARN_CONSTANT_CONVERSION = YES;
				CLANG_WARN_DEPRECATED_OBJC_IMPLEMENTATIONS = YES;
				CLANG_WARN_DIRECT_OBJC_ISA_USAGE = YES_ERROR;
				CLANG_WARN_DOCUMENTATION_COMMENTS = YES;
				CLANG_WARN_EMPTY_BODY = YES;
				CLANG_WARN_ENUM_CONVERSION = YES;
				CLANG_WARN_INFINITE_RECURSION = YES;
				CLANG_WARN_INT_CONVERSION = YES;
				CLANG_WARN_NON_LITERAL_NULL_CONVERSION = YES;
				CLANG_WARN_OBJC_IMPLICIT_RETAIN_SELF = YES;
				CLANG_WARN_OBJC_LITERAL_CONVERSION = YES;
				CLANG_WARN_OBJC_ROOT_CLASS = YES_ERROR;
				CLANG_WARN_QUOTED_INCLUDE_IN_FRAMEWORK_HEADER = YES;
				CLANG_WARN_RANGE_LOOP_ANALYSIS = YES;
				CLANG_WARN_STRICT_PROTOTYPES = YES;
				CLANG_WARN_SUSPICIOUS_MOVE = YES;
				CLANG_WARN_UNGUARDED_AVAILABILITY = YES_AGGRESSIVE;
				CLANG_WARN_UNREACHABLE_CODE = YES;
				CLANG_WARN__DUPLICATE_METHOD_MATCH = YES;
				COPY_PHASE_STRIP = NO;
				DEBUG_INFORMATION_FORMAT = "dwarf-with-dsym";
				ENABLE_NS_ASSERTIONS = NO;
				ENABLE_STRICT_OBJC_MSGSEND = YES;
				GCC_C_LANGUAGE_STANDARD = gnu11;
				GCC_NO_COMMON_BLOCKS = YES;
				GCC_WARN_64_TO_32_BIT_CONVERSION = YES;
				GCC_WARN_ABOUT_RETURN_TYPE = YES_ERROR;
				GCC_WARN_UNDECLARED_SELECTOR = YES;
				GCC_WARN_UNINITIALIZED_AUTOS = YES_AGGRESSIVE;
				GCC_WARN_UNUSED_FUNCTION = YES;
				GCC_WARN_UNUSED_VARIABLE = YES;
				IPHONEOS_DEPLOYMENT_TARGET = 16.2;
				MTL_ENABLE_DEBUG_INFO = NO;
				MTL_FAST_MATH = YES;
				SDKROOT = iphoneos;
				SWIFT_COMPILATION_MODE = wholemodule;
				SWIFT_OPTIMIZATION_LEVEL = "-O";
				VALIDATE_PRODUCT = YES;
			};
			name = Release;
		};
		CEB4D3492A264068004FAE43 /* Debug */ = {
			isa = XCBuildConfiguration;
			baseConfigurationReference = EEAB832E2B9ACEE64F3E6EE2 /* Pods-TrackerApp.debug.xcconfig */;
			buildSettings = {
				ASSETCATALOG_COMPILER_APPICON_NAME = AppIcon;
				ASSETCATALOG_COMPILER_GLOBAL_ACCENT_COLOR_NAME = AccentColor;
				CODE_SIGN_STYLE = Automatic;
				CURRENT_PROJECT_VERSION = 1;
				DEVELOPMENT_TEAM = C4L53C7A94;
				GENERATE_INFOPLIST_FILE = YES;
				INFOPLIST_FILE = TrackerApp/Info.plist;
				INFOPLIST_KEY_UIApplicationSupportsIndirectInputEvents = YES;
				INFOPLIST_KEY_UILaunchStoryboardName = LaunchScreen;
				INFOPLIST_KEY_UIMainStoryboardFile = Main;
				INFOPLIST_KEY_UISupportedInterfaceOrientations_iPad = "UIInterfaceOrientationPortrait UIInterfaceOrientationPortraitUpsideDown UIInterfaceOrientationLandscapeLeft UIInterfaceOrientationLandscapeRight";
				INFOPLIST_KEY_UISupportedInterfaceOrientations_iPhone = "UIInterfaceOrientationPortrait UIInterfaceOrientationLandscapeLeft UIInterfaceOrientationLandscapeRight";
				IPHONEOS_DEPLOYMENT_TARGET = 13.4;
				LD_RUNPATH_SEARCH_PATHS = (
					"$(inherited)",
					"@executable_path/Frameworks",
				);
				MARKETING_VERSION = 1.0;
				PRODUCT_BUNDLE_IDENTIFIER = ru.yandex.practicum.TrackerApp1111;
				PRODUCT_NAME = "$(TARGET_NAME)";
				SWIFT_EMIT_LOC_STRINGS = YES;
				SWIFT_VERSION = 5.0;
				TARGETED_DEVICE_FAMILY = "1,2";
			};
			name = Debug;
		};
		CEB4D34A2A264068004FAE43 /* Release */ = {
			isa = XCBuildConfiguration;
			baseConfigurationReference = 9AE7CBE094810616645238E7 /* Pods-TrackerApp.release.xcconfig */;
			buildSettings = {
				ASSETCATALOG_COMPILER_APPICON_NAME = AppIcon;
				ASSETCATALOG_COMPILER_GLOBAL_ACCENT_COLOR_NAME = AccentColor;
				CODE_SIGN_STYLE = Automatic;
				CURRENT_PROJECT_VERSION = 1;
				DEVELOPMENT_TEAM = C4L53C7A94;
				GENERATE_INFOPLIST_FILE = YES;
				INFOPLIST_FILE = TrackerApp/Info.plist;
				INFOPLIST_KEY_UIApplicationSupportsIndirectInputEvents = YES;
				INFOPLIST_KEY_UILaunchStoryboardName = LaunchScreen;
				INFOPLIST_KEY_UIMainStoryboardFile = Main;
				INFOPLIST_KEY_UISupportedInterfaceOrientations_iPad = "UIInterfaceOrientationPortrait UIInterfaceOrientationPortraitUpsideDown UIInterfaceOrientationLandscapeLeft UIInterfaceOrientationLandscapeRight";
				INFOPLIST_KEY_UISupportedInterfaceOrientations_iPhone = "UIInterfaceOrientationPortrait UIInterfaceOrientationLandscapeLeft UIInterfaceOrientationLandscapeRight";
				IPHONEOS_DEPLOYMENT_TARGET = 13.4;
				LD_RUNPATH_SEARCH_PATHS = (
					"$(inherited)",
					"@executable_path/Frameworks",
				);
				MARKETING_VERSION = 1.0;
				PRODUCT_BUNDLE_IDENTIFIER = ru.yandex.practicum.TrackerApp1111;
				PRODUCT_NAME = "$(TARGET_NAME)";
				SWIFT_EMIT_LOC_STRINGS = YES;
				SWIFT_VERSION = 5.0;
				TARGETED_DEVICE_FAMILY = "1,2";
			};
			name = Release;
		};
/* End XCBuildConfiguration section */

/* Begin XCConfigurationList section */
		CE1FCDA62A7FD59C00D310E8 /* Build configuration list for PBXNativeTarget "TrackerAppTests" */ = {
			isa = XCConfigurationList;
			buildConfigurations = (
				CE1FCDA72A7FD59C00D310E8 /* Debug */,
				CE1FCDA82A7FD59C00D310E8 /* Release */,
			);
			defaultConfigurationIsVisible = 0;
			defaultConfigurationName = Release;
		};
		CEB4D32F2A264067004FAE43 /* Build configuration list for PBXProject "TrackerApp" */ = {
			isa = XCConfigurationList;
			buildConfigurations = (
				CEB4D3462A264068004FAE43 /* Debug */,
				CEB4D3472A264068004FAE43 /* Release */,
			);
			defaultConfigurationIsVisible = 0;
			defaultConfigurationName = Release;
		};
		CEB4D3482A264068004FAE43 /* Build configuration list for PBXNativeTarget "TrackerApp" */ = {
			isa = XCConfigurationList;
			buildConfigurations = (
				CEB4D3492A264068004FAE43 /* Debug */,
				CEB4D34A2A264068004FAE43 /* Release */,
			);
			defaultConfigurationIsVisible = 0;
			defaultConfigurationName = Release;
		};
/* End XCConfigurationList section */

/* Begin XCRemoteSwiftPackageReference section */
		CE1FCD992A7FD4B500D310E8 /* XCRemoteSwiftPackageReference "swift-snapshot-testing" */ = {
			isa = XCRemoteSwiftPackageReference;
			repositoryURL = "https://github.com/pointfreeco/swift-snapshot-testing";
			requirement = {
				branch = main;
				kind = branch;
			};
		};
/* End XCRemoteSwiftPackageReference section */

/* Begin XCSwiftPackageProductDependency section */
		CE1FCDAA2A7FD69200D310E8 /* SnapshotTesting */ = {
			isa = XCSwiftPackageProductDependency;
			package = CE1FCD992A7FD4B500D310E8 /* XCRemoteSwiftPackageReference "swift-snapshot-testing" */;
			productName = SnapshotTesting;
		};
/* End XCSwiftPackageProductDependency section */

/* Begin XCVersionGroup section */
		CE3E75B82A6056030030CAAA /* CoreData.xcdatamodeld */ = {
			isa = XCVersionGroup;
			children = (
				CE3E75B92A6056030030CAAA /* CoreData.xcdatamodel */,
			);
			currentVersion = CE3E75B92A6056030030CAAA /* CoreData.xcdatamodel */;
			path = CoreData.xcdatamodeld;
			sourceTree = "<group>";
			versionGroupType = wrapper.xcdatamodel;
		};
/* End XCVersionGroup section */
	};
	rootObject = CEB4D32C2A264067004FAE43 /* Project object */;
}
